
Microsoft Visual Studio Solution File, Format Version 12.00
# Visual Studio Version 16
VisualStudioVersion = 16.0.31205.134
MinimumVisualStudioVersion = 10.0.40219.1
Project("{FAE04EC0-301F-11D3-BF4B-00C04F79EFBC}") = "Lettuce", "Lettuce\Lettuce.csproj", "{C91043DA-8CB3-4B5B-A9D4-A944253CB622}"
EndProject
Global
	GlobalSection(SolutionConfigurationPlatforms) = preSolution
		Debug|Any CPU = Debug|Any CPU
		Release|Any CPU = Release|Any CPU
	EndGlobalSection
	GlobalSection(ProjectConfigurationPlatforms) = postSolution
		{C91043DA-8CB3-4B5B-A9D4-A944253CB622}.Debug|Any CPU.ActiveCfg = Debug|Any CPU
		{C91043DA-8CB3-4B5B-A9D4-A944253CB622}.Debug|Any CPU.Build.0 = Debug|Any CPU
		{C91043DA-8CB3-4B5B-A9D4-A944253CB622}.Release|Any CPU.ActiveCfg = Release|Any CPU
		{C91043DA-8CB3-4B5B-A9D4-A944253CB622}.Release|Any CPU.Build.0 = Release|Any CPU
	EndGlobalSection
	GlobalSection(SolutionProperties) = preSolution
		HideSolutionNode = FALSE
	EndGlobalSection
	GlobalSection(ExtensibilityGlobals) = postSolution
		SolutionGuid = {A23BAA61-B071-4B3D-99AA-3228D7E6D121}
	EndGlobalSection
EndGlobal
